
Microsoft Visual Studio Solution File, Format Version 12.00
# Visual Studio Version 16
VisualStudioVersion = 16.0.31025.194
MinimumVisualStudioVersion = 10.0.40219.1
Project("{FAE04EC0-301F-11D3-BF4B-00C04F79EFBC}") = "AliceBlueOnlineLibrary", "AliceBlueOnline\AliceBlueOnlineLibrary\AliceBlueOnlineLibrary.csproj", "{DFA4DD4D-DF0C-4BDD-89D5-DCE2A7B53F20}"
EndProject
Project("{FAE04EC0-301F-11D3-BF4B-00C04F79EFBC}") = "MainAliceBlue", "AliceBlueOnline\MainAliceBlue\MainAliceBlue.csproj", "{A798990D-1E66-4D2D-BCA2-6E818F88E641}"
EndProject
Global
	GlobalSection(SolutionConfigurationPlatforms) = preSolution
		Debug|Any CPU = Debug|Any CPU
		Release|Any CPU = Release|Any CPU
	EndGlobalSection
	GlobalSection(ProjectConfigurationPlatforms) = postSolution
		{DFA4DD4D-DF0C-4BDD-89D5-DCE2A7B53F20}.Debug|Any CPU.ActiveCfg = Debug|Any CPU
		{DFA4DD4D-DF0C-4BDD-89D5-DCE2A7B53F20}.Debug|Any CPU.Build.0 = Debug|Any CPU
		{DFA4DD4D-DF0C-4BDD-89D5-DCE2A7B53F20}.Release|Any CPU.ActiveCfg = Release|Any CPU
		{DFA4DD4D-DF0C-4BDD-89D5-DCE2A7B53F20}.Release|Any CPU.Build.0 = Release|Any CPU
		{A798990D-1E66-4D2D-BCA2-6E818F88E641}.Debug|Any CPU.ActiveCfg = Debug|Any CPU
		{A798990D-1E66-4D2D-BCA2-6E818F88E641}.Debug|Any CPU.Build.0 = Debug|Any CPU
		{A798990D-1E66-4D2D-BCA2-6E818F88E641}.Release|Any CPU.ActiveCfg = Release|Any CPU
		{A798990D-1E66-4D2D-BCA2-6E818F88E641}.Release|Any CPU.Build.0 = Release|Any CPU
	EndGlobalSection
	GlobalSection(SolutionProperties) = preSolution
		HideSolutionNode = FALSE
	EndGlobalSection
	GlobalSection(ExtensibilityGlobals) = postSolution
		SolutionGuid = {7A655CA5-4C0A-4F63-9FB8-68E7CD61B21A}
	EndGlobalSection
EndGlobal
